// !$*UTF8*$!
{
	archiveVersion = 1;
	classes = {
	};
	objectVersion = 46;
	objects = {

/* Begin PBXBuildFile section */
		102219691EB9EF4F00B8BE8B /* DeckDetailAddEditViewController.swift in Sources */ = {isa = PBXBuildFile; fileRef = 102219681EB9EF4F00B8BE8B /* DeckDetailAddEditViewController.swift */; };
		1022196B1EB9EF6700B8BE8B /* DeckDetailAddEditTableViewCell.swift in Sources */ = {isa = PBXBuildFile; fileRef = 1022196A1EB9EF6700B8BE8B /* DeckDetailAddEditTableViewCell.swift */; };
		10CB1B581EDC138100E6A598 /* GameStackViewController.swift in Sources */ = {isa = PBXBuildFile; fileRef = 10CB1B571EDC138100E6A598 /* GameStackViewController.swift */; };
		10CB1B5C1EDC165300E6A598 /* GameStack.storyboard in Resources */ = {isa = PBXBuildFile; fileRef = 10CB1B5B1EDC165300E6A598 /* GameStack.storyboard */; };
		10CB1B5F1EDC190000E6A598 /* CardOverlayView.xib in Resources */ = {isa = PBXBuildFile; fileRef = 10CB1B5E1EDC190000E6A598 /* CardOverlayView.xib */; };
		10CB1B611EDC192A00E6A598 /* CardOverlayView.swift in Sources */ = {isa = PBXBuildFile; fileRef = 10CB1B601EDC192A00E6A598 /* CardOverlayView.swift */; };
		10CB1B651EDC260900E6A598 /* FlashCardView.swift in Sources */ = {isa = PBXBuildFile; fileRef = 10CB1B641EDC260900E6A598 /* FlashCardView.swift */; };
		10CB1B671EDC262400E6A598 /* FlashCardView.xib in Resources */ = {isa = PBXBuildFile; fileRef = 10CB1B661EDC262400E6A598 /* FlashCardView.xib */; };
		213A901F1EDBC1BC0012DD14 /* libGoogleAnalytics.a in Frameworks */ = {isa = PBXBuildFile; fileRef = 213A90131EDBC1BC0012DD14 /* libGoogleAnalytics.a */; };
		213D16281EDADC1A00EC3764 /* CoreData.framework in Frameworks */ = {isa = PBXBuildFile; fileRef = 213D16271EDADC1A00EC3764 /* CoreData.framework */; };
		213D162A1EDADC2100EC3764 /* SystemConfiguration.framework in Frameworks */ = {isa = PBXBuildFile; fileRef = 213D16291EDADC2100EC3764 /* SystemConfiguration.framework */; };
		213DCCE51EB98AC7009487C9 /* DeckViewController.swift in Sources */ = {isa = PBXBuildFile; fileRef = 213DCCE41EB98AC7009487C9 /* DeckViewController.swift */; };
		700DF3CF1ED48BCD005D22FE /* DeckViewControllerTableViewCell.swift in Sources */ = {isa = PBXBuildFile; fileRef = 700DF3CE1ED48BCD005D22FE /* DeckViewControllerTableViewCell.swift */; };
		700DF3D11ED49A77005D22FE /* DeckDetailViewControllerTableViewCell.swift in Sources */ = {isa = PBXBuildFile; fileRef = 700DF3D01ED49A77005D22FE /* DeckDetailViewControllerTableViewCell.swift */; };
		705509D71EC61A6F00BBB572 /* LoginApp.storyboard in Resources */ = {isa = PBXBuildFile; fileRef = 705509D61EC61A6F00BBB572 /* LoginApp.storyboard */; };
		705509DA1EC6209600BBB572 /* GoogleService-Info.plist in Resources */ = {isa = PBXBuildFile; fileRef = 705509D91EC6209600BBB572 /* GoogleService-Info.plist */; };
		7060DA011EC89AD800FD03F2 /* ScreenGame1.storyboard in Resources */ = {isa = PBXBuildFile; fileRef = 7060DA001EC89AD800FD03F2 /* ScreenGame1.storyboard */; };
		7060DA041EC8B27C00FD03F2 /* Game1ViewController.swift in Sources */ = {isa = PBXBuildFile; fileRef = 7060DA031EC8B27C00FD03F2 /* Game1ViewController.swift */; };
		7060DA061EC98B6D00FD03F2 /* Game1CollectionViewCell.swift in Sources */ = {isa = PBXBuildFile; fileRef = 7060DA051EC98B6D00FD03F2 /* Game1CollectionViewCell.swift */; };
		7063A8BD1EB4731F007C6DD3 /* DeckDetail.storyboard in Resources */ = {isa = PBXBuildFile; fileRef = 7063A8BC1EB4731F007C6DD3 /* DeckDetail.storyboard */; };
		7063A8C31EB478C7007C6DD3 /* DeckDetailViewController.swift in Sources */ = {isa = PBXBuildFile; fileRef = 7063A8C21EB478C7007C6DD3 /* DeckDetailViewController.swift */; };
		7063A8C61EB47A7E007C6DD3 /* Assets.xcassets in Resources */ = {isa = PBXBuildFile; fileRef = 7063A8C51EB47A7E007C6DD3 /* Assets.xcassets */; };
		7063A8C81EB47BAE007C6DD3 /* Card.swift in Sources */ = {isa = PBXBuildFile; fileRef = 7063A8C71EB47BAE007C6DD3 /* Card.swift */; };
		7063A8CA1EB47BC6007C6DD3 /* Deck.swift in Sources */ = {isa = PBXBuildFile; fileRef = 7063A8C91EB47BC6007C6DD3 /* Deck.swift */; };
		7063A8CC1EB47BDE007C6DD3 /* Folder.swift in Sources */ = {isa = PBXBuildFile; fileRef = 7063A8CB1EB47BDE007C6DD3 /* Folder.swift */; };
		7063A8CE1EB47F28007C6DD3 /* SeedData.swift in Sources */ = {isa = PBXBuildFile; fileRef = 7063A8CD1EB47F28007C6DD3 /* SeedData.swift */; };
		70B35F4F1EC6286400AD1D47 /* LoginGoogleViewController.swift in Sources */ = {isa = PBXBuildFile; fileRef = 70B35F4E1EC6286400AD1D47 /* LoginGoogleViewController.swift */; };
		78682C5F1EF0E1D900C8EDDA /* Setting.storyboard in Resources */ = {isa = PBXBuildFile; fileRef = 78682C5E1EF0E1D900C8EDDA /* Setting.storyboard */; };
		78682C611EF0E1ED00C8EDDA /* SettingViewController.swift in Sources */ = {isa = PBXBuildFile; fileRef = 78682C601EF0E1ED00C8EDDA /* SettingViewController.swift */; };
		ABC8A8021E9D900CFBEAFD60 /* Pods_Flashcard_Touch.framework in Frameworks */ = {isa = PBXBuildFile; fileRef = DA102AB2EC9883AB124AAB9F /* Pods_Flashcard_Touch.framework */; };
		C85C32581EB2E9F300BB51AA /* AppDelegate.swift in Sources */ = {isa = PBXBuildFile; fileRef = C85C32571EB2E9F300BB51AA /* AppDelegate.swift */; };
		C85C325D1EB2E9F300BB51AA /* Main.storyboard in Resources */ = {isa = PBXBuildFile; fileRef = C85C325B1EB2E9F300BB51AA /* Main.storyboard */; };
		C85C32621EB2E9F300BB51AA /* LaunchScreen.storyboard in Resources */ = {isa = PBXBuildFile; fileRef = C85C32601EB2E9F300BB51AA /* LaunchScreen.storyboard */; };
		C85C326D1EB2E9F300BB51AA /* Flashcard_TouchTests.swift in Sources */ = {isa = PBXBuildFile; fileRef = C85C326C1EB2E9F300BB51AA /* Flashcard_TouchTests.swift */; };
		C85C327E1EB2EB7C00BB51AA /* Decks.storyboard in Resources */ = {isa = PBXBuildFile; fileRef = C85C327D1EB2EB7C00BB51AA /* Decks.storyboard */; };
		C85C32801EB2EBA800BB51AA /* Folders.storyboard in Resources */ = {isa = PBXBuildFile; fileRef = C85C327F1EB2EBA800BB51AA /* Folders.storyboard */; };
		C85C32821EB2EBC000BB51AA /* Stats.storyboard in Resources */ = {isa = PBXBuildFile; fileRef = C85C32811EB2EBC000BB51AA /* Stats.storyboard */; };
		C85C32841EB2ED2100BB51AA /* AppStoryboard.swift in Sources */ = {isa = PBXBuildFile; fileRef = C85C32831EB2ED2100BB51AA /* AppStoryboard.swift */; };
		C85C32861EB2ED3700BB51AA /* Extension.swift in Sources */ = {isa = PBXBuildFile; fileRef = C85C32851EB2ED3700BB51AA /* Extension.swift */; };
/* End PBXBuildFile section */

/* Begin PBXContainerItemProxy section */
		C85C32691EB2E9F300BB51AA /* PBXContainerItemProxy */ = {
			isa = PBXContainerItemProxy;
			containerPortal = C85C324C1EB2E9F300BB51AA /* Project object */;
			proxyType = 1;
			remoteGlobalIDString = C85C32531EB2E9F300BB51AA;
			remoteInfo = "Flashcard Touch";
		};
/* End PBXContainerItemProxy section */

/* Begin PBXFileReference section */
		102219681EB9EF4F00B8BE8B /* DeckDetailAddEditViewController.swift */ = {isa = PBXFileReference; fileEncoding = 4; lastKnownFileType = sourcecode.swift; path = DeckDetailAddEditViewController.swift; sourceTree = "<group>"; };
		1022196A1EB9EF6700B8BE8B /* DeckDetailAddEditTableViewCell.swift */ = {isa = PBXFileReference; fileEncoding = 4; lastKnownFileType = sourcecode.swift; path = DeckDetailAddEditTableViewCell.swift; sourceTree = "<group>"; };
		10CB1B571EDC138100E6A598 /* GameStackViewController.swift */ = {isa = PBXFileReference; fileEncoding = 4; lastKnownFileType = sourcecode.swift; path = GameStackViewController.swift; sourceTree = "<group>"; };
		10CB1B5B1EDC165300E6A598 /* GameStack.storyboard */ = {isa = PBXFileReference; fileEncoding = 4; lastKnownFileType = file.storyboard; path = GameStack.storyboard; sourceTree = "<group>"; };
		10CB1B5E1EDC190000E6A598 /* CardOverlayView.xib */ = {isa = PBXFileReference; fileEncoding = 4; lastKnownFileType = file.xib; path = CardOverlayView.xib; sourceTree = "<group>"; };
		10CB1B601EDC192A00E6A598 /* CardOverlayView.swift */ = {isa = PBXFileReference; fileEncoding = 4; lastKnownFileType = sourcecode.swift; path = CardOverlayView.swift; sourceTree = "<group>"; };
		10CB1B641EDC260900E6A598 /* FlashCardView.swift */ = {isa = PBXFileReference; fileEncoding = 4; lastKnownFileType = sourcecode.swift; path = FlashCardView.swift; sourceTree = "<group>"; };
		10CB1B661EDC262400E6A598 /* FlashCardView.xib */ = {isa = PBXFileReference; fileEncoding = 4; lastKnownFileType = file.xib; path = FlashCardView.xib; sourceTree = "<group>"; };
		213A90131EDBC1BC0012DD14 /* libGoogleAnalytics.a */ = {isa = PBXFileReference; lastKnownFileType = archive.ar; path = libGoogleAnalytics.a; sourceTree = "<group>"; };
		213A90151EDBC1BC0012DD14 /* GAI.h */ = {isa = PBXFileReference; fileEncoding = 4; lastKnownFileType = sourcecode.c.h; path = GAI.h; sourceTree = "<group>"; };
		213A90161EDBC1BC0012DD14 /* GAIDictionaryBuilder.h */ = {isa = PBXFileReference; fileEncoding = 4; lastKnownFileType = sourcecode.c.h; path = GAIDictionaryBuilder.h; sourceTree = "<group>"; };
		213A90171EDBC1BC0012DD14 /* GAIEcommerceFields.h */ = {isa = PBXFileReference; fileEncoding = 4; lastKnownFileType = sourcecode.c.h; path = GAIEcommerceFields.h; sourceTree = "<group>"; };
		213A90181EDBC1BC0012DD14 /* GAIEcommerceProduct.h */ = {isa = PBXFileReference; fileEncoding = 4; lastKnownFileType = sourcecode.c.h; path = GAIEcommerceProduct.h; sourceTree = "<group>"; };
		213A90191EDBC1BC0012DD14 /* GAIEcommerceProductAction.h */ = {isa = PBXFileReference; fileEncoding = 4; lastKnownFileType = sourcecode.c.h; path = GAIEcommerceProductAction.h; sourceTree = "<group>"; };
		213A901A1EDBC1BC0012DD14 /* GAIEcommercePromotion.h */ = {isa = PBXFileReference; fileEncoding = 4; lastKnownFileType = sourcecode.c.h; path = GAIEcommercePromotion.h; sourceTree = "<group>"; };
		213A901B1EDBC1BC0012DD14 /* GAIFields.h */ = {isa = PBXFileReference; fileEncoding = 4; lastKnownFileType = sourcecode.c.h; path = GAIFields.h; sourceTree = "<group>"; };
		213A901C1EDBC1BC0012DD14 /* GAILogger.h */ = {isa = PBXFileReference; fileEncoding = 4; lastKnownFileType = sourcecode.c.h; path = GAILogger.h; sourceTree = "<group>"; };
		213A901D1EDBC1BC0012DD14 /* GAITrackedViewController.h */ = {isa = PBXFileReference; fileEncoding = 4; lastKnownFileType = sourcecode.c.h; path = GAITrackedViewController.h; sourceTree = "<group>"; };
		213A901E1EDBC1BC0012DD14 /* GAITracker.h */ = {isa = PBXFileReference; fileEncoding = 4; lastKnownFileType = sourcecode.c.h; path = GAITracker.h; sourceTree = "<group>"; };
		213A90201EDBC26D0012DD14 /* Flashcard_Touch-Bridging-Header.h */ = {isa = PBXFileReference; lastKnownFileType = sourcecode.c.h; path = "Flashcard_Touch-Bridging-Header.h"; sourceTree = "<group>"; };
		213D16271EDADC1A00EC3764 /* CoreData.framework */ = {isa = PBXFileReference; lastKnownFileType = wrapper.framework; name = CoreData.framework; path = System/Library/Frameworks/CoreData.framework; sourceTree = SDKROOT; };
		213D16291EDADC2100EC3764 /* SystemConfiguration.framework */ = {isa = PBXFileReference; lastKnownFileType = wrapper.framework; name = SystemConfiguration.framework; path = System/Library/Frameworks/SystemConfiguration.framework; sourceTree = SDKROOT; };
		213DCCE41EB98AC7009487C9 /* DeckViewController.swift */ = {isa = PBXFileReference; fileEncoding = 4; lastKnownFileType = sourcecode.swift; path = DeckViewController.swift; sourceTree = "<group>"; };
		4F0AF1B0C70ABE0029145141 /* Pods-Flashcard Touch.release.xcconfig */ = {isa = PBXFileReference; includeInIndex = 1; lastKnownFileType = text.xcconfig; name = "Pods-Flashcard Touch.release.xcconfig"; path = "Pods/Target Support Files/Pods-Flashcard Touch/Pods-Flashcard Touch.release.xcconfig"; sourceTree = "<group>"; };
		700DF3CE1ED48BCD005D22FE /* DeckViewControllerTableViewCell.swift */ = {isa = PBXFileReference; fileEncoding = 4; lastKnownFileType = sourcecode.swift; path = DeckViewControllerTableViewCell.swift; sourceTree = "<group>"; };
		700DF3D01ED49A77005D22FE /* DeckDetailViewControllerTableViewCell.swift */ = {isa = PBXFileReference; fileEncoding = 4; lastKnownFileType = sourcecode.swift; path = DeckDetailViewControllerTableViewCell.swift; sourceTree = "<group>"; };
		705509D61EC61A6F00BBB572 /* LoginApp.storyboard */ = {isa = PBXFileReference; fileEncoding = 4; lastKnownFileType = file.storyboard; path = LoginApp.storyboard; sourceTree = "<group>"; };
		705509D91EC6209600BBB572 /* GoogleService-Info.plist */ = {isa = PBXFileReference; fileEncoding = 4; lastKnownFileType = text.plist.xml; path = "GoogleService-Info.plist"; sourceTree = "<group>"; };
		7060DA001EC89AD800FD03F2 /* ScreenGame1.storyboard */ = {isa = PBXFileReference; fileEncoding = 4; lastKnownFileType = file.storyboard; path = ScreenGame1.storyboard; sourceTree = "<group>"; };
		7060DA031EC8B27C00FD03F2 /* Game1ViewController.swift */ = {isa = PBXFileReference; fileEncoding = 4; lastKnownFileType = sourcecode.swift; path = Game1ViewController.swift; sourceTree = "<group>"; };
		7060DA051EC98B6D00FD03F2 /* Game1CollectionViewCell.swift */ = {isa = PBXFileReference; fileEncoding = 4; lastKnownFileType = sourcecode.swift; path = Game1CollectionViewCell.swift; sourceTree = "<group>"; };
		7063A8BC1EB4731F007C6DD3 /* DeckDetail.storyboard */ = {isa = PBXFileReference; fileEncoding = 4; lastKnownFileType = file.storyboard; path = DeckDetail.storyboard; sourceTree = "<group>"; };
		7063A8C21EB478C7007C6DD3 /* DeckDetailViewController.swift */ = {isa = PBXFileReference; fileEncoding = 4; lastKnownFileType = sourcecode.swift; path = DeckDetailViewController.swift; sourceTree = "<group>"; };
		7063A8C51EB47A7E007C6DD3 /* Assets.xcassets */ = {isa = PBXFileReference; lastKnownFileType = folder.assetcatalog; path = Assets.xcassets; sourceTree = "<group>"; };
		7063A8C71EB47BAE007C6DD3 /* Card.swift */ = {isa = PBXFileReference; fileEncoding = 4; lastKnownFileType = sourcecode.swift; path = Card.swift; sourceTree = "<group>"; };
		7063A8C91EB47BC6007C6DD3 /* Deck.swift */ = {isa = PBXFileReference; fileEncoding = 4; lastKnownFileType = sourcecode.swift; path = Deck.swift; sourceTree = "<group>"; };
		7063A8CB1EB47BDE007C6DD3 /* Folder.swift */ = {isa = PBXFileReference; fileEncoding = 4; lastKnownFileType = sourcecode.swift; path = Folder.swift; sourceTree = "<group>"; };
		7063A8CD1EB47F28007C6DD3 /* SeedData.swift */ = {isa = PBXFileReference; fileEncoding = 4; lastKnownFileType = sourcecode.swift; path = SeedData.swift; sourceTree = "<group>"; };
		70B35F4E1EC6286400AD1D47 /* LoginGoogleViewController.swift */ = {isa = PBXFileReference; fileEncoding = 4; lastKnownFileType = sourcecode.swift; path = LoginGoogleViewController.swift; sourceTree = "<group>"; };
		78682C5E1EF0E1D900C8EDDA /* Setting.storyboard */ = {isa = PBXFileReference; fileEncoding = 4; lastKnownFileType = file.storyboard; path = Setting.storyboard; sourceTree = "<group>"; };
		78682C601EF0E1ED00C8EDDA /* SettingViewController.swift */ = {isa = PBXFileReference; fileEncoding = 4; lastKnownFileType = sourcecode.swift; path = SettingViewController.swift; sourceTree = "<group>"; };
		93F4B51FDD8B249BAE544200 /* Pods-Flashcard Touch.debug.xcconfig */ = {isa = PBXFileReference; includeInIndex = 1; lastKnownFileType = text.xcconfig; name = "Pods-Flashcard Touch.debug.xcconfig"; path = "Pods/Target Support Files/Pods-Flashcard Touch/Pods-Flashcard Touch.debug.xcconfig"; sourceTree = "<group>"; };
		C85C32541EB2E9F300BB51AA /* Flashcard Touch.app */ = {isa = PBXFileReference; explicitFileType = wrapper.application; includeInIndex = 0; path = "Flashcard Touch.app"; sourceTree = BUILT_PRODUCTS_DIR; };
		C85C32571EB2E9F300BB51AA /* AppDelegate.swift */ = {isa = PBXFileReference; lastKnownFileType = sourcecode.swift; name = AppDelegate.swift; path = ../AppDelegate.swift; sourceTree = "<group>"; };
		C85C325C1EB2E9F300BB51AA /* Base */ = {isa = PBXFileReference; lastKnownFileType = file.storyboard; name = Base; path = Base.lproj/Main.storyboard; sourceTree = "<group>"; };
		C85C32611EB2E9F300BB51AA /* Base */ = {isa = PBXFileReference; lastKnownFileType = file.storyboard; name = Base; path = Base.lproj/LaunchScreen.storyboard; sourceTree = "<group>"; };
		C85C32631EB2E9F300BB51AA /* Info.plist */ = {isa = PBXFileReference; lastKnownFileType = text.plist.xml; path = Info.plist; sourceTree = "<group>"; };
		C85C32681EB2E9F300BB51AA /* Flashcard TouchTests.xctest */ = {isa = PBXFileReference; explicitFileType = wrapper.cfbundle; includeInIndex = 0; path = "Flashcard TouchTests.xctest"; sourceTree = BUILT_PRODUCTS_DIR; };
		C85C326C1EB2E9F300BB51AA /* Flashcard_TouchTests.swift */ = {isa = PBXFileReference; lastKnownFileType = sourcecode.swift; path = Flashcard_TouchTests.swift; sourceTree = "<group>"; };
		C85C326E1EB2E9F300BB51AA /* Info.plist */ = {isa = PBXFileReference; lastKnownFileType = text.plist.xml; path = Info.plist; sourceTree = "<group>"; };
		C85C327D1EB2EB7C00BB51AA /* Decks.storyboard */ = {isa = PBXFileReference; fileEncoding = 4; lastKnownFileType = file.storyboard; path = Decks.storyboard; sourceTree = "<group>"; };
		C85C327F1EB2EBA800BB51AA /* Folders.storyboard */ = {isa = PBXFileReference; fileEncoding = 4; lastKnownFileType = file.storyboard; path = Folders.storyboard; sourceTree = "<group>"; };
		C85C32811EB2EBC000BB51AA /* Stats.storyboard */ = {isa = PBXFileReference; fileEncoding = 4; lastKnownFileType = file.storyboard; path = Stats.storyboard; sourceTree = "<group>"; };
		C85C32831EB2ED2100BB51AA /* AppStoryboard.swift */ = {isa = PBXFileReference; fileEncoding = 4; lastKnownFileType = sourcecode.swift; path = AppStoryboard.swift; sourceTree = "<group>"; };
		C85C32851EB2ED3700BB51AA /* Extension.swift */ = {isa = PBXFileReference; fileEncoding = 4; lastKnownFileType = sourcecode.swift; path = Extension.swift; sourceTree = "<group>"; };
		DA102AB2EC9883AB124AAB9F /* Pods_Flashcard_Touch.framework */ = {isa = PBXFileReference; explicitFileType = wrapper.framework; includeInIndex = 0; path = Pods_Flashcard_Touch.framework; sourceTree = BUILT_PRODUCTS_DIR; };
/* End PBXFileReference section */

/* Begin PBXFrameworksBuildPhase section */
		C85C32511EB2E9F300BB51AA /* Frameworks */ = {
			isa = PBXFrameworksBuildPhase;
			buildActionMask = 2147483647;
			files = (
				213D162A1EDADC2100EC3764 /* SystemConfiguration.framework in Frameworks */,
				213D16281EDADC1A00EC3764 /* CoreData.framework in Frameworks */,
				ABC8A8021E9D900CFBEAFD60 /* Pods_Flashcard_Touch.framework in Frameworks */,
				213A901F1EDBC1BC0012DD14 /* libGoogleAnalytics.a in Frameworks */,
			);
			runOnlyForDeploymentPostprocessing = 0;
		};
		C85C32651EB2E9F300BB51AA /* Frameworks */ = {
			isa = PBXFrameworksBuildPhase;
			buildActionMask = 2147483647;
			files = (
			);
			runOnlyForDeploymentPostprocessing = 0;
		};
/* End PBXFrameworksBuildPhase section */

/* Begin PBXGroup section */
		10CB1B5D1EDC184D00E6A598 /* Custom */ = {
			isa = PBXGroup;
			children = (
				10CB1B5E1EDC190000E6A598 /* CardOverlayView.xib */,
				10CB1B601EDC192A00E6A598 /* CardOverlayView.swift */,
				10CB1B661EDC262400E6A598 /* FlashCardView.xib */,
				10CB1B641EDC260900E6A598 /* FlashCardView.swift */,
			);
			name = Custom;
			sourceTree = "<group>";
		};
		213A90111EDBC1BC0012DD14 /* GoogleAnalytics */ = {
			isa = PBXGroup;
			children = (
				213A90121EDBC1BC0012DD14 /* Libraries */,
				213A90141EDBC1BC0012DD14 /* Sources */,
			);
			path = GoogleAnalytics;
			sourceTree = "<group>";
		};
		213A90121EDBC1BC0012DD14 /* Libraries */ = {
			isa = PBXGroup;
			children = (
				213A90131EDBC1BC0012DD14 /* libGoogleAnalytics.a */,
			);
			path = Libraries;
			sourceTree = "<group>";
		};
		213A90141EDBC1BC0012DD14 /* Sources */ = {
			isa = PBXGroup;
			children = (
				213A90151EDBC1BC0012DD14 /* GAI.h */,
				213A90161EDBC1BC0012DD14 /* GAIDictionaryBuilder.h */,
				213A90171EDBC1BC0012DD14 /* GAIEcommerceFields.h */,
				213A90181EDBC1BC0012DD14 /* GAIEcommerceProduct.h */,
				213A90191EDBC1BC0012DD14 /* GAIEcommerceProductAction.h */,
				213A901A1EDBC1BC0012DD14 /* GAIEcommercePromotion.h */,
				213A901B1EDBC1BC0012DD14 /* GAIFields.h */,
				213A901C1EDBC1BC0012DD14 /* GAILogger.h */,
				213A901D1EDBC1BC0012DD14 /* GAITrackedViewController.h */,
				213A901E1EDBC1BC0012DD14 /* GAITracker.h */,
			);
			path = Sources;
			sourceTree = "<group>";
		};
		213D16191EDADB2D00EC3764 /* Library */ = {
			isa = PBXGroup;
			children = (
				213A90111EDBC1BC0012DD14 /* GoogleAnalytics */,
				213A90201EDBC26D0012DD14 /* Flashcard_Touch-Bridging-Header.h */,
			);
			path = Library;
			sourceTree = "<group>";
		};
		705509D81EC61BC100BBB572 /* Login */ = {
			isa = PBXGroup;
			children = (
				70B35F4E1EC6286400AD1D47 /* LoginGoogleViewController.swift */,
			);
			name = Login;
			sourceTree = "<group>";
		};
		7060DA021EC8B25B00FD03F2 /* Game1 */ = {
			isa = PBXGroup;
			children = (
				7060DA031EC8B27C00FD03F2 /* Game1ViewController.swift */,
				7060DA051EC98B6D00FD03F2 /* Game1CollectionViewCell.swift */,
				10CB1B571EDC138100E6A598 /* GameStackViewController.swift */,
			);
			name = Game1;
			sourceTree = "<group>";
		};
		7063A8BE1EB47873007C6DD3 /* Controller */ = {
			isa = PBXGroup;
			children = (
				78682C5B1EF0DA9800C8EDDA /* Setting */,
				7060DA021EC8B25B00FD03F2 /* Game1 */,
				705509D81EC61BC100BBB572 /* Login */,
				7063A8C11EB47891007C6DD3 /* DeckDetail */,
			);
			path = Controller;
			sourceTree = "<group>";
		};
		7063A8BF1EB47873007C6DD3 /* Model */ = {
			isa = PBXGroup;
			children = (
				7063A8C71EB47BAE007C6DD3 /* Card.swift */,
				7063A8C91EB47BC6007C6DD3 /* Deck.swift */,
				7063A8CB1EB47BDE007C6DD3 /* Folder.swift */,
				7063A8CD1EB47F28007C6DD3 /* SeedData.swift */,
			);
			path = Model;
			sourceTree = "<group>";
		};
		7063A8C11EB47891007C6DD3 /* DeckDetail */ = {
			isa = PBXGroup;
			children = (
				1022196A1EB9EF6700B8BE8B /* DeckDetailAddEditTableViewCell.swift */,
				700DF3D01ED49A77005D22FE /* DeckDetailViewControllerTableViewCell.swift */,
				700DF3CE1ED48BCD005D22FE /* DeckViewControllerTableViewCell.swift */,
				102219681EB9EF4F00B8BE8B /* DeckDetailAddEditViewController.swift */,
				7063A8C21EB478C7007C6DD3 /* DeckDetailViewController.swift */,
				213DCCE41EB98AC7009487C9 /* DeckViewController.swift */,
			);
			name = DeckDetail;
			sourceTree = "<group>";
		};
		7063A8C41EB47A6F007C6DD3 /* Resource */ = {
			isa = PBXGroup;
			children = (
				213D16191EDADB2D00EC3764 /* Library */,
				7063A8C51EB47A7E007C6DD3 /* Assets.xcassets */,
			);
			path = Resource;
			sourceTree = "<group>";
		};
		78682C5B1EF0DA9800C8EDDA /* Setting */ = {
			isa = PBXGroup;
			children = (
				78682C601EF0E1ED00C8EDDA /* SettingViewController.swift */,
			);
			name = Setting;
			sourceTree = "<group>";
		};
		C85C324B1EB2E9F300BB51AA = {
			isa = PBXGroup;
			children = (
				C85C32561EB2E9F300BB51AA /* Flashcard Touch */,
				C85C326B1EB2E9F300BB51AA /* Flashcard TouchTests */,
				C85C32551EB2E9F300BB51AA /* Products */,
				E9165C730DBACB3C0206DD94 /* Pods */,
				F6AEBB9FC2BCE5156CEC1C45 /* Frameworks */,
			);
			sourceTree = "<group>";
		};
		C85C32551EB2E9F300BB51AA /* Products */ = {
			isa = PBXGroup;
			children = (
				C85C32541EB2E9F300BB51AA /* Flashcard Touch.app */,
				C85C32681EB2E9F300BB51AA /* Flashcard TouchTests.xctest */,
			);
			name = Products;
			sourceTree = "<group>";
		};
		C85C32561EB2E9F300BB51AA /* Flashcard Touch */ = {
			isa = PBXGroup;
			children = (
				7063A8C41EB47A6F007C6DD3 /* Resource */,
				7063A8BE1EB47873007C6DD3 /* Controller */,
				7063A8BF1EB47873007C6DD3 /* Model */,
				C85C32781EB2EAAB00BB51AA /* Helpers */,
				C85C327B1EB2EAAB00BB51AA /* Views */,
				C85C32631EB2E9F300BB51AA /* Info.plist */,
				705509D91EC6209600BBB572 /* GoogleService-Info.plist */,
			);
			path = "Flashcard Touch";
			sourceTree = "<group>";
		};
		C85C326B1EB2E9F300BB51AA /* Flashcard TouchTests */ = {
			isa = PBXGroup;
			children = (
				C85C326C1EB2E9F300BB51AA /* Flashcard_TouchTests.swift */,
				C85C326E1EB2E9F300BB51AA /* Info.plist */,
			);
			path = "Flashcard TouchTests";
			sourceTree = "<group>";
		};
		C85C32781EB2EAAB00BB51AA /* Helpers */ = {
			isa = PBXGroup;
			children = (
				C85C32851EB2ED3700BB51AA /* Extension.swift */,
				C85C32831EB2ED2100BB51AA /* AppStoryboard.swift */,
				C85C32571EB2E9F300BB51AA /* AppDelegate.swift */,
			);
			path = Helpers;
			sourceTree = "<group>";
		};
		C85C327B1EB2EAAB00BB51AA /* Views */ = {
			isa = PBXGroup;
			children = (
				10CB1B5D1EDC184D00E6A598 /* Custom */,
				C85C327C1EB2EAD700BB51AA /* Storyboards */,
			);
			path = Views;
			sourceTree = "<group>";
		};
		C85C327C1EB2EAD700BB51AA /* Storyboards */ = {
			isa = PBXGroup;
			children = (
				78682C5E1EF0E1D900C8EDDA /* Setting.storyboard */,
				C85C325B1EB2E9F300BB51AA /* Main.storyboard */,
				C85C32601EB2E9F300BB51AA /* LaunchScreen.storyboard */,
				C85C327D1EB2EB7C00BB51AA /* Decks.storyboard */,
				C85C327F1EB2EBA800BB51AA /* Folders.storyboard */,
				C85C32811EB2EBC000BB51AA /* Stats.storyboard */,
				7063A8BC1EB4731F007C6DD3 /* DeckDetail.storyboard */,
				705509D61EC61A6F00BBB572 /* LoginApp.storyboard */,
				7060DA001EC89AD800FD03F2 /* ScreenGame1.storyboard */,
				10CB1B5B1EDC165300E6A598 /* GameStack.storyboard */,
			);
			name = Storyboards;
			sourceTree = "<group>";
		};
		E9165C730DBACB3C0206DD94 /* Pods */ = {
			isa = PBXGroup;
			children = (
				93F4B51FDD8B249BAE544200 /* Pods-Flashcard Touch.debug.xcconfig */,
				4F0AF1B0C70ABE0029145141 /* Pods-Flashcard Touch.release.xcconfig */,
			);
			name = Pods;
			sourceTree = "<group>";
		};
		F6AEBB9FC2BCE5156CEC1C45 /* Frameworks */ = {
			isa = PBXGroup;
			children = (
				213D16291EDADC2100EC3764 /* SystemConfiguration.framework */,
				213D16271EDADC1A00EC3764 /* CoreData.framework */,
				DA102AB2EC9883AB124AAB9F /* Pods_Flashcard_Touch.framework */,
			);
			name = Frameworks;
			sourceTree = "<group>";
		};
/* End PBXGroup section */

/* Begin PBXNativeTarget section */
		C85C32531EB2E9F300BB51AA /* Flashcard Touch */ = {
			isa = PBXNativeTarget;
			buildConfigurationList = C85C32711EB2E9F300BB51AA /* Build configuration list for PBXNativeTarget "Flashcard Touch" */;
			buildPhases = (
				5198D09AFC8B4B05BCD1AB85 /* [CP] Check Pods Manifest.lock */,
				C85C32501EB2E9F300BB51AA /* Sources */,
				C85C32511EB2E9F300BB51AA /* Frameworks */,
				C85C32521EB2E9F300BB51AA /* Resources */,
				AF2F414EE66A660B3C586A1C /* [CP] Embed Pods Frameworks */,
				E60C890C7E8648777980DEE4 /* [CP] Copy Pods Resources */,
			);
			buildRules = (
			);
			dependencies = (
			);
			name = "Flashcard Touch";
			productName = "Flashcard Touch";
			productReference = C85C32541EB2E9F300BB51AA /* Flashcard Touch.app */;
			productType = "com.apple.product-type.application";
		};
		C85C32671EB2E9F300BB51AA /* Flashcard TouchTests */ = {
			isa = PBXNativeTarget;
			buildConfigurationList = C85C32741EB2E9F300BB51AA /* Build configuration list for PBXNativeTarget "Flashcard TouchTests" */;
			buildPhases = (
				C85C32641EB2E9F300BB51AA /* Sources */,
				C85C32651EB2E9F300BB51AA /* Frameworks */,
				C85C32661EB2E9F300BB51AA /* Resources */,
			);
			buildRules = (
			);
			dependencies = (
				C85C326A1EB2E9F300BB51AA /* PBXTargetDependency */,
			);
			name = "Flashcard TouchTests";
			productName = "Flashcard TouchTests";
			productReference = C85C32681EB2E9F300BB51AA /* Flashcard TouchTests.xctest */;
			productType = "com.apple.product-type.bundle.unit-test";
		};
/* End PBXNativeTarget section */

/* Begin PBXProject section */
		C85C324C1EB2E9F300BB51AA /* Project object */ = {
			isa = PBXProject;
			attributes = {
				LastSwiftUpdateCheck = 0820;
				LastUpgradeCheck = 0820;
				ORGANIZATIONNAME = CPU11713;
				TargetAttributes = {
					C85C32531EB2E9F300BB51AA = {
						CreatedOnToolsVersion = 8.2.1;
						DevelopmentTeam = 2X825966A4;
						ProvisioningStyle = Automatic;
					};
					C85C32671EB2E9F300BB51AA = {
						CreatedOnToolsVersion = 8.2.1;
						DevelopmentTeam = 2X825966A4;
						ProvisioningStyle = Automatic;
						TestTargetID = C85C32531EB2E9F300BB51AA;
					};
				};
			};
			buildConfigurationList = C85C324F1EB2E9F300BB51AA /* Build configuration list for PBXProject "Flashcard Touch" */;
			compatibilityVersion = "Xcode 3.2";
			developmentRegion = English;
			hasScannedForEncodings = 0;
			knownRegions = (
				en,
				Base,
			);
			mainGroup = C85C324B1EB2E9F300BB51AA;
			productRefGroup = C85C32551EB2E9F300BB51AA /* Products */;
			projectDirPath = "";
			projectRoot = "";
			targets = (
				C85C32531EB2E9F300BB51AA /* Flashcard Touch */,
				C85C32671EB2E9F300BB51AA /* Flashcard TouchTests */,
			);
		};
/* End PBXProject section */

/* Begin PBXResourcesBuildPhase section */
		C85C32521EB2E9F300BB51AA /* Resources */ = {
			isa = PBXResourcesBuildPhase;
			buildActionMask = 2147483647;
			files = (
				C85C32821EB2EBC000BB51AA /* Stats.storyboard in Resources */,
				C85C32621EB2E9F300BB51AA /* LaunchScreen.storyboard in Resources */,
				705509DA1EC6209600BBB572 /* GoogleService-Info.plist in Resources */,
				10CB1B5F1EDC190000E6A598 /* CardOverlayView.xib in Resources */,
				10CB1B5C1EDC165300E6A598 /* GameStack.storyboard in Resources */,
				C85C327E1EB2EB7C00BB51AA /* Decks.storyboard in Resources */,
				10CB1B671EDC262400E6A598 /* FlashCardView.xib in Resources */,
				C85C325D1EB2E9F300BB51AA /* Main.storyboard in Resources */,
				705509D71EC61A6F00BBB572 /* LoginApp.storyboard in Resources */,
				78682C5F1EF0E1D900C8EDDA /* Setting.storyboard in Resources */,
				7063A8C61EB47A7E007C6DD3 /* Assets.xcassets in Resources */,
				7063A8BD1EB4731F007C6DD3 /* DeckDetail.storyboard in Resources */,
				7060DA011EC89AD800FD03F2 /* ScreenGame1.storyboard in Resources */,
				C85C32801EB2EBA800BB51AA /* Folders.storyboard in Resources */,
			);
			runOnlyForDeploymentPostprocessing = 0;
		};
		C85C32661EB2E9F300BB51AA /* Resources */ = {
			isa = PBXResourcesBuildPhase;
			buildActionMask = 2147483647;
			files = (
			);
			runOnlyForDeploymentPostprocessing = 0;
		};
/* End PBXResourcesBuildPhase section */

/* Begin PBXShellScriptBuildPhase section */
		5198D09AFC8B4B05BCD1AB85 /* [CP] Check Pods Manifest.lock */ = {
			isa = PBXShellScriptBuildPhase;
			buildActionMask = 2147483647;
			files = (
			);
			inputPaths = (
			);
			name = "[CP] Check Pods Manifest.lock";
			outputPaths = (
			);
			runOnlyForDeploymentPostprocessing = 0;
			shellPath = /bin/sh;
			shellScript = "diff \"${PODS_ROOT}/../Podfile.lock\" \"${PODS_ROOT}/Manifest.lock\" > /dev/null\nif [[ $? != 0 ]] ; then\n    cat << EOM\nerror: The sandbox is not in sync with the Podfile.lock. Run 'pod install' or update your CocoaPods installation.\nEOM\n    exit 1\nfi\n";
			showEnvVarsInLog = 0;
		};
		AF2F414EE66A660B3C586A1C /* [CP] Embed Pods Frameworks */ = {
			isa = PBXShellScriptBuildPhase;
			buildActionMask = 2147483647;
			files = (
			);
			inputPaths = (
			);
			name = "[CP] Embed Pods Frameworks";
			outputPaths = (
			);
			runOnlyForDeploymentPostprocessing = 0;
			shellPath = /bin/sh;
			shellScript = "\"${SRCROOT}/Pods/Target Support Files/Pods-Flashcard Touch/Pods-Flashcard Touch-frameworks.sh\"\n";
			showEnvVarsInLog = 0;
		};
		E60C890C7E8648777980DEE4 /* [CP] Copy Pods Resources */ = {
			isa = PBXShellScriptBuildPhase;
			buildActionMask = 2147483647;
			files = (
			);
			inputPaths = (
			);
			name = "[CP] Copy Pods Resources";
			outputPaths = (
			);
			runOnlyForDeploymentPostprocessing = 0;
			shellPath = /bin/sh;
			shellScript = "\"${SRCROOT}/Pods/Target Support Files/Pods-Flashcard Touch/Pods-Flashcard Touch-resources.sh\"\n";
			showEnvVarsInLog = 0;
		};
/* End PBXShellScriptBuildPhase section */

/* Begin PBXSourcesBuildPhase section */
		C85C32501EB2E9F300BB51AA /* Sources */ = {
			isa = PBXSourcesBuildPhase;
			buildActionMask = 2147483647;
			files = (
				7063A8CA1EB47BC6007C6DD3 /* Deck.swift in Sources */,
				C85C32861EB2ED3700BB51AA /* Extension.swift in Sources */,
				700DF3D11ED49A77005D22FE /* DeckDetailViewControllerTableViewCell.swift in Sources */,
				10CB1B611EDC192A00E6A598 /* CardOverlayView.swift in Sources */,
				C85C32841EB2ED2100BB51AA /* AppStoryboard.swift in Sources */,
				7063A8C81EB47BAE007C6DD3 /* Card.swift in Sources */,
				7063A8CE1EB47F28007C6DD3 /* SeedData.swift in Sources */,
				7063A8C31EB478C7007C6DD3 /* DeckDetailViewController.swift in Sources */,
				C85C32581EB2E9F300BB51AA /* AppDelegate.swift in Sources */,
				7060DA041EC8B27C00FD03F2 /* Game1ViewController.swift in Sources */,
				70B35F4F1EC6286400AD1D47 /* LoginGoogleViewController.swift in Sources */,
				7063A8CC1EB47BDE007C6DD3 /* Folder.swift in Sources */,
				700DF3CF1ED48BCD005D22FE /* DeckViewControllerTableViewCell.swift in Sources */,
				10CB1B581EDC138100E6A598 /* GameStackViewController.swift in Sources */,
				10CB1B651EDC260900E6A598 /* FlashCardView.swift in Sources */,
				78682C611EF0E1ED00C8EDDA /* SettingViewController.swift in Sources */,
				102219691EB9EF4F00B8BE8B /* DeckDetailAddEditViewController.swift in Sources */,
				213DCCE51EB98AC7009487C9 /* DeckViewController.swift in Sources */,
				7060DA061EC98B6D00FD03F2 /* Game1CollectionViewCell.swift in Sources */,
				1022196B1EB9EF6700B8BE8B /* DeckDetailAddEditTableViewCell.swift in Sources */,
			);
			runOnlyForDeploymentPostprocessing = 0;
		};
		C85C32641EB2E9F300BB51AA /* Sources */ = {
			isa = PBXSourcesBuildPhase;
			buildActionMask = 2147483647;
			files = (
				C85C326D1EB2E9F300BB51AA /* Flashcard_TouchTests.swift in Sources */,
			);
			runOnlyForDeploymentPostprocessing = 0;
		};
/* End PBXSourcesBuildPhase section */

/* Begin PBXTargetDependency section */
		C85C326A1EB2E9F300BB51AA /* PBXTargetDependency */ = {
			isa = PBXTargetDependency;
			target = C85C32531EB2E9F300BB51AA /* Flashcard Touch */;
			targetProxy = C85C32691EB2E9F300BB51AA /* PBXContainerItemProxy */;
		};
/* End PBXTargetDependency section */

/* Begin PBXVariantGroup section */
		C85C325B1EB2E9F300BB51AA /* Main.storyboard */ = {
			isa = PBXVariantGroup;
			children = (
				C85C325C1EB2E9F300BB51AA /* Base */,
			);
			name = Main.storyboard;
			path = ..;
			sourceTree = "<group>";
		};
		C85C32601EB2E9F300BB51AA /* LaunchScreen.storyboard */ = {
			isa = PBXVariantGroup;
			children = (
				C85C32611EB2E9F300BB51AA /* Base */,
			);
			name = LaunchScreen.storyboard;
			path = ..;
			sourceTree = "<group>";
		};
/* End PBXVariantGroup section */

/* Begin XCBuildConfiguration section */
		C85C326F1EB2E9F300BB51AA /* Debug */ = {
			isa = XCBuildConfiguration;
			buildSettings = {
				ALWAYS_SEARCH_USER_PATHS = NO;
				CLANG_ANALYZER_NONNULL = YES;
				CLANG_CXX_LANGUAGE_STANDARD = "gnu++0x";
				CLANG_CXX_LIBRARY = "libc++";
				CLANG_ENABLE_MODULES = YES;
				CLANG_ENABLE_OBJC_ARC = YES;
				CLANG_WARN_BOOL_CONVERSION = YES;
				CLANG_WARN_CONSTANT_CONVERSION = YES;
				CLANG_WARN_DIRECT_OBJC_ISA_USAGE = YES_ERROR;
				CLANG_WARN_DOCUMENTATION_COMMENTS = YES;
				CLANG_WARN_EMPTY_BODY = YES;
				CLANG_WARN_ENUM_CONVERSION = YES;
				CLANG_WARN_INFINITE_RECURSION = YES;
				CLANG_WARN_INT_CONVERSION = YES;
				CLANG_WARN_OBJC_ROOT_CLASS = YES_ERROR;
				CLANG_WARN_SUSPICIOUS_MOVE = YES;
				CLANG_WARN_UNREACHABLE_CODE = YES;
				CLANG_WARN__DUPLICATE_METHOD_MATCH = YES;
				"CODE_SIGN_IDENTITY[sdk=iphoneos*]" = "iPhone Developer";
				COPY_PHASE_STRIP = NO;
				DEBUG_INFORMATION_FORMAT = dwarf;
				ENABLE_STRICT_OBJC_MSGSEND = YES;
				ENABLE_TESTABILITY = YES;
				GCC_C_LANGUAGE_STANDARD = gnu99;
				GCC_DYNAMIC_NO_PIC = NO;
				GCC_NO_COMMON_BLOCKS = YES;
				GCC_OPTIMIZATION_LEVEL = 0;
				GCC_PREPROCESSOR_DEFINITIONS = (
					"DEBUG=1",
					"$(inherited)",
				);
				GCC_WARN_64_TO_32_BIT_CONVERSION = YES;
				GCC_WARN_ABOUT_RETURN_TYPE = YES_ERROR;
				GCC_WARN_UNDECLARED_SELECTOR = YES;
				GCC_WARN_UNINITIALIZED_AUTOS = YES_AGGRESSIVE;
				GCC_WARN_UNUSED_FUNCTION = YES;
				GCC_WARN_UNUSED_VARIABLE = YES;
				IPHONEOS_DEPLOYMENT_TARGET = 10.2;
				MTL_ENABLE_DEBUG_INFO = YES;
				ONLY_ACTIVE_ARCH = YES;
				SDKROOT = iphoneos;
				SWIFT_ACTIVE_COMPILATION_CONDITIONS = DEBUG;
				SWIFT_OPTIMIZATION_LEVEL = "-Onone";
			};
			name = Debug;
		};
		C85C32701EB2E9F300BB51AA /* Release */ = {
			isa = XCBuildConfiguration;
			buildSettings = {
				ALWAYS_SEARCH_USER_PATHS = NO;
				CLANG_ANALYZER_NONNULL = YES;
				CLANG_CXX_LANGUAGE_STANDARD = "gnu++0x";
				CLANG_CXX_LIBRARY = "libc++";
				CLANG_ENABLE_MODULES = YES;
				CLANG_ENABLE_OBJC_ARC = YES;
				CLANG_WARN_BOOL_CONVERSION = YES;
				CLANG_WARN_CONSTANT_CONVERSION = YES;
				CLANG_WARN_DIRECT_OBJC_ISA_USAGE = YES_ERROR;
				CLANG_WARN_DOCUMENTATION_COMMENTS = YES;
				CLANG_WARN_EMPTY_BODY = YES;
				CLANG_WARN_ENUM_CONVERSION = YES;
				CLANG_WARN_INFINITE_RECURSION = YES;
				CLANG_WARN_INT_CONVERSION = YES;
				CLANG_WARN_OBJC_ROOT_CLASS = YES_ERROR;
				CLANG_WARN_SUSPICIOUS_MOVE = YES;
				CLANG_WARN_UNREACHABLE_CODE = YES;
				CLANG_WARN__DUPLICATE_METHOD_MATCH = YES;
				"CODE_SIGN_IDENTITY[sdk=iphoneos*]" = "iPhone Developer";
				COPY_PHASE_STRIP = NO;
				DEBUG_INFORMATION_FORMAT = "dwarf-with-dsym";
				ENABLE_NS_ASSERTIONS = NO;
				ENABLE_STRICT_OBJC_MSGSEND = YES;
				GCC_C_LANGUAGE_STANDARD = gnu99;
				GCC_NO_COMMON_BLOCKS = YES;
				GCC_WARN_64_TO_32_BIT_CONVERSION = YES;
				GCC_WARN_ABOUT_RETURN_TYPE = YES_ERROR;
				GCC_WARN_UNDECLARED_SELECTOR = YES;
				GCC_WARN_UNINITIALIZED_AUTOS = YES_AGGRESSIVE;
				GCC_WARN_UNUSED_FUNCTION = YES;
				GCC_WARN_UNUSED_VARIABLE = YES;
				IPHONEOS_DEPLOYMENT_TARGET = 10.2;
				MTL_ENABLE_DEBUG_INFO = NO;
				SDKROOT = iphoneos;
				SWIFT_OPTIMIZATION_LEVEL = "-Owholemodule";
				VALIDATE_PRODUCT = YES;
			};
			name = Release;
		};
		C85C32721EB2E9F300BB51AA /* Debug */ = {
			isa = XCBuildConfiguration;
			baseConfigurationReference = 93F4B51FDD8B249BAE544200 /* Pods-Flashcard Touch.debug.xcconfig */;
			buildSettings = {
				ASSETCATALOG_COMPILER_APPICON_NAME = AppIcon;
				DEVELOPMENT_TEAM = 2X825966A4;
				INFOPLIST_FILE = "Flashcard Touch/Info.plist";
				IPHONEOS_DEPLOYMENT_TARGET = 10.0;
				LD_RUNPATH_SEARCH_PATHS = "$(inherited) @executable_path/Frameworks";
				LIBRARY_SEARCH_PATHS = (
					"$(inherited)",
					"$(PROJECT_DIR)/Flashcard\\ Touch/Resource/Library/Google\\ Analystic",
					"$(PROJECT_DIR)/Flashcard\\ Touch/Resource/Library/GoogleAnalytics/Libraries",
					"$(PROJECT_DIR)/Flashcard\\ Touch/Resource/Library/GoogleAnalytics/Libraries",
				);
				PRODUCT_BUNDLE_IDENTIFIER = "com.VNG.Huy.Flashcard-Touch";
				PRODUCT_NAME = "$(TARGET_NAME)";
				SWIFT_OBJC_BRIDGING_HEADER = "./Flashcard Touch/Resource/Library/Flashcard_Touch-Bridging-Header.h";
				SWIFT_VERSION = 3.0;
			};
			name = Debug;
		};
		C85C32731EB2E9F300BB51AA /* Release */ = {
			isa = XCBuildConfiguration;
			baseConfigurationReference = 4F0AF1B0C70ABE0029145141 /* Pods-Flashcard Touch.release.xcconfig */;
			buildSettings = {
				ASSETCATALOG_COMPILER_APPICON_NAME = AppIcon;
				DEVELOPMENT_TEAM = 2X825966A4;
				INFOPLIST_FILE = "Flashcard Touch/Info.plist";
				IPHONEOS_DEPLOYMENT_TARGET = 10.0;
				LD_RUNPATH_SEARCH_PATHS = "$(inherited) @executable_path/Frameworks";
				LIBRARY_SEARCH_PATHS = (
					"$(inherited)",
					"$(PROJECT_DIR)/Flashcard\\ Touch/Resource/Library/Google\\ Analystic",
					"$(PROJECT_DIR)/Flashcard\\ Touch/Resource/Library/GoogleAnalytics/Libraries",
					"$(PROJECT_DIR)/Flashcard\\ Touch/Resource/Library/GoogleAnalytics/Libraries",
				);
				PRODUCT_BUNDLE_IDENTIFIER = "com.VNG.Huy.Flashcard-Touch";
				PRODUCT_NAME = "$(TARGET_NAME)";
				SWIFT_OBJC_BRIDGING_HEADER = "./Flashcard Touch/Resource/Library/Flashcard_Touch-Bridging-Header.h";
				SWIFT_VERSION = 3.0;
			};
			name = Release;
		};
		C85C32751EB2E9F300BB51AA /* Debug */ = {
			isa = XCBuildConfiguration;
			buildSettings = {
				ALWAYS_EMBED_SWIFT_STANDARD_LIBRARIES = YES;
				BUNDLE_LOADER = "$(TEST_HOST)";
				DEVELOPMENT_TEAM = 2X825966A4;
				INFOPLIST_FILE = "Flashcard TouchTests/Info.plist";
				LD_RUNPATH_SEARCH_PATHS = "$(inherited) @executable_path/Frameworks @loader_path/Frameworks";
				PRODUCT_BUNDLE_IDENTIFIER = "com.VNG.Huy.Flashcard-TouchTests";
				PRODUCT_NAME = "$(TARGET_NAME)";
				SWIFT_VERSION = 3.0;
				TEST_HOST = "$(BUILT_PRODUCTS_DIR)/Flashcard Touch.app/Flashcard Touch";
			};
			name = Debug;
		};
		C85C32761EB2E9F300BB51AA /* Release */ = {
			isa = XCBuildConfiguration;
			buildSettings = {
				ALWAYS_EMBED_SWIFT_STANDARD_LIBRARIES = YES;
				BUNDLE_LOADER = "$(TEST_HOST)";
				DEVELOPMENT_TEAM = 2X825966A4;
				INFOPLIST_FILE = "Flashcard TouchTests/Info.plist";
				LD_RUNPATH_SEARCH_PATHS = "$(inherited) @executable_path/Frameworks @loader_path/Frameworks";
				PRODUCT_BUNDLE_IDENTIFIER = "com.VNG.Huy.Flashcard-TouchTests";
				PRODUCT_NAME = "$(TARGET_NAME)";
				SWIFT_VERSION = 3.0;
				TEST_HOST = "$(BUILT_PRODUCTS_DIR)/Flashcard Touch.app/Flashcard Touch";
			};
			name = Release;
		};
/* End XCBuildConfiguration section */

/* Begin XCConfigurationList section */
		C85C324F1EB2E9F300BB51AA /* Build configuration list for PBXProject "Flashcard Touch" */ = {
			isa = XCConfigurationList;
			buildConfigurations = (
				C85C326F1EB2E9F300BB51AA /* Debug */,
				C85C32701EB2E9F300BB51AA /* Release */,
			);
			defaultConfigurationIsVisible = 0;
			defaultConfigurationName = Release;
		};
		C85C32711EB2E9F300BB51AA /* Build configuration list for PBXNativeTarget "Flashcard Touch" */ = {
			isa = XCConfigurationList;
			buildConfigurations = (
				C85C32721EB2E9F300BB51AA /* Debug */,
				C85C32731EB2E9F300BB51AA /* Release */,
			);
			defaultConfigurationIsVisible = 0;
			defaultConfigurationName = Release;
		};
		C85C32741EB2E9F300BB51AA /* Build configuration list for PBXNativeTarget "Flashcard TouchTests" */ = {
			isa = XCConfigurationList;
			buildConfigurations = (
				C85C32751EB2E9F300BB51AA /* Debug */,
				C85C32761EB2E9F300BB51AA /* Release */,
			);
			defaultConfigurationIsVisible = 0;
			defaultConfigurationName = Release;
		};
/* End XCConfigurationList section */
	};
	rootObject = C85C324C1EB2E9F300BB51AA /* Project object */;
}
